
Microsoft Visual Studio Solution File, Format Version 12.00
# Visual Studio 15
VisualStudioVersion = 15.0.26403.7
MinimumVisualStudioVersion = 10.0.40219.1
Project("{FAE04EC0-301F-11D3-BF4B-00C04F79EFBC}") = "LivrosQueJaLi.Android", "LivrosQueJaLi\LivrosQueJaLi.Android\LivrosQueJaLi.Android.csproj", "{972AF490-23A9-495E-9C46-791D6A2C4E25}"
EndProject
Project("{FAE04EC0-301F-11D3-BF4B-00C04F79EFBC}") = "LivrosQueJaLi", "LivrosQueJaLi\LivrosQueJaLi\LivrosQueJaLi.csproj", "{6120A731-941E-42EF-B328-5055F0AA2EB9}"
EndProject
Project("{FAE04EC0-301F-11D3-BF4B-00C04F79EFBC}") = "LivrosQueJaLi.UWP", "LivrosQueJaLi\LivrosQueJaLi.UWP\LivrosQueJaLi.UWP.csproj", "{E094C8EB-F8B1-42F3-92D7-4DD619902E00}"
EndProject
Project("{FAE04EC0-301F-11D3-BF4B-00C04F79EFBC}") = "LivrosQueJaLi.iOS", "LivrosQueJaLi\LivrosQueJaLi.iOS\LivrosQueJaLi.iOS.csproj", "{A0A71606-E7FC-4D5A-92DE-A9EE95DCC3F1}"
EndProject
Project("{FAE04EC0-301F-11D3-BF4B-00C04F79EFBC}") = "TesteLivrosQueJaLi", "TesteLivrosQueJaLi\TesteLivrosQueJaLi.csproj", "{6B87E047-9AE9-4925-8360-4011E601B934}"
EndProject
Global
	GlobalSection(SolutionConfigurationPlatforms) = preSolution
		Ad-Hoc|Any CPU = Ad-Hoc|Any CPU
		Ad-Hoc|ARM = Ad-Hoc|ARM
		Ad-Hoc|iPhone = Ad-Hoc|iPhone
		Ad-Hoc|iPhoneSimulator = Ad-Hoc|iPhoneSimulator
		Ad-Hoc|x64 = Ad-Hoc|x64
		Ad-Hoc|x86 = Ad-Hoc|x86
		AppStore|Any CPU = AppStore|Any CPU
		AppStore|ARM = AppStore|ARM
		AppStore|iPhone = AppStore|iPhone
		AppStore|iPhoneSimulator = AppStore|iPhoneSimulator
		AppStore|x64 = AppStore|x64
		AppStore|x86 = AppStore|x86
		Debug|Any CPU = Debug|Any CPU
		Debug|ARM = Debug|ARM
		Debug|iPhone = Debug|iPhone
		Debug|iPhoneSimulator = Debug|iPhoneSimulator
		Debug|x64 = Debug|x64
		Debug|x86 = Debug|x86
		Release|Any CPU = Release|Any CPU
		Release|ARM = Release|ARM
		Release|iPhone = Release|iPhone
		Release|iPhoneSimulator = Release|iPhoneSimulator
		Release|x64 = Release|x64
		Release|x86 = Release|x86
	EndGlobalSection
	GlobalSection(ProjectConfigurationPlatforms) = postSolution
		{972AF490-23A9-495E-9C46-791D6A2C4E25}.Ad-Hoc|Any CPU.ActiveCfg = Release|Any CPU
		{972AF490-23A9-495E-9C46-791D6A2C4E25}.Ad-Hoc|Any CPU.Build.0 = Release|Any CPU
		{972AF490-23A9-495E-9C46-791D6A2C4E25}.Ad-Hoc|Any CPU.Deploy.0 = Release|Any CPU
		{972AF490-23A9-495E-9C46-791D6A2C4E25}.Ad-Hoc|ARM.ActiveCfg = Release|Any CPU
		{972AF490-23A9-495E-9C46-791D6A2C4E25}.Ad-Hoc|ARM.Build.0 = Release|Any CPU
		{972AF490-23A9-495E-9C46-791D6A2C4E25}.Ad-Hoc|ARM.Deploy.0 = Release|Any CPU
		{972AF490-23A9-495E-9C46-791D6A2C4E25}.Ad-Hoc|iPhone.ActiveCfg = Release|Any CPU
		{972AF490-23A9-495E-9C46-791D6A2C4E25}.Ad-Hoc|iPhone.Build.0 = Release|Any CPU
		{972AF490-23A9-495E-9C46-791D6A2C4E25}.Ad-Hoc|iPhone.Deploy.0 = Release|Any CPU
		{972AF490-23A9-495E-9C46-791D6A2C4E25}.Ad-Hoc|iPhoneSimulator.ActiveCfg = Release|Any CPU
		{972AF490-23A9-495E-9C46-791D6A2C4E25}.Ad-Hoc|iPhoneSimulator.Build.0 = Release|Any CPU
		{972AF490-23A9-495E-9C46-791D6A2C4E25}.Ad-Hoc|iPhoneSimulator.Deploy.0 = Release|Any CPU
		{972AF490-23A9-495E-9C46-791D6A2C4E25}.Ad-Hoc|x64.ActiveCfg = Release|Any CPU
		{972AF490-23A9-495E-9C46-791D6A2C4E25}.Ad-Hoc|x64.Build.0 = Release|Any CPU
		{972AF490-23A9-495E-9C46-791D6A2C4E25}.Ad-Hoc|x64.Deploy.0 = Release|Any CPU
		{972AF490-23A9-495E-9C46-791D6A2C4E25}.Ad-Hoc|x86.ActiveCfg = Release|Any CPU
		{972AF490-23A9-495E-9C46-791D6A2C4E25}.Ad-Hoc|x86.Build.0 = Release|Any CPU
		{972AF490-23A9-495E-9C46-791D6A2C4E25}.Ad-Hoc|x86.Deploy.0 = Release|Any CPU
		{972AF490-23A9-495E-9C46-791D6A2C4E25}.AppStore|Any CPU.ActiveCfg = Release|Any CPU
		{972AF490-23A9-495E-9C46-791D6A2C4E25}.AppStore|Any CPU.Build.0 = Release|Any CPU
		{972AF490-23A9-495E-9C46-791D6A2C4E25}.AppStore|Any CPU.Deploy.0 = Release|Any CPU
		{972AF490-23A9-495E-9C46-791D6A2C4E25}.AppStore|ARM.ActiveCfg = Release|Any CPU
		{972AF490-23A9-495E-9C46-791D6A2C4E25}.AppStore|ARM.Build.0 = Release|Any CPU
		{972AF490-23A9-495E-9C46-791D6A2C4E25}.AppStore|ARM.Deploy.0 = Release|Any CPU
		{972AF490-23A9-495E-9C46-791D6A2C4E25}.AppStore|iPhone.ActiveCfg = Release|Any CPU
		{972AF490-23A9-495E-9C46-791D6A2C4E25}.AppStore|iPhone.Build.0 = Release|Any CPU
		{972AF490-23A9-495E-9C46-791D6A2C4E25}.AppStore|iPhone.Deploy.0 = Release|Any CPU
		{972AF490-23A9-495E-9C46-791D6A2C4E25}.AppStore|iPhoneSimulator.ActiveCfg = Release|Any CPU
		{972AF490-23A9-495E-9C46-791D6A2C4E25}.AppStore|iPhoneSimulator.Build.0 = Release|Any CPU
		{972AF490-23A9-495E-9C46-791D6A2C4E25}.AppStore|iPhoneSimulator.Deploy.0 = Release|Any CPU
		{972AF490-23A9-495E-9C46-791D6A2C4E25}.AppStore|x64.ActiveCfg = Release|Any CPU
		{972AF490-23A9-495E-9C46-791D6A2C4E25}.AppStore|x64.Build.0 = Release|Any CPU
		{972AF490-23A9-495E-9C46-791D6A2C4E25}.AppStore|x64.Deploy.0 = Release|Any CPU
		{972AF490-23A9-495E-9C46-791D6A2C4E25}.AppStore|x86.ActiveCfg = Release|Any CPU
		{972AF490-23A9-495E-9C46-791D6A2C4E25}.AppStore|x86.Build.0 = Release|Any CPU
		{972AF490-23A9-495E-9C46-791D6A2C4E25}.AppStore|x86.Deploy.0 = Release|Any CPU
		{972AF490-23A9-495E-9C46-791D6A2C4E25}.Debug|Any CPU.ActiveCfg = Debug|Any CPU
		{972AF490-23A9-495E-9C46-791D6A2C4E25}.Debug|Any CPU.Build.0 = Debug|Any CPU
		{972AF490-23A9-495E-9C46-791D6A2C4E25}.Debug|Any CPU.Deploy.0 = Debug|Any CPU
		{972AF490-23A9-495E-9C46-791D6A2C4E25}.Debug|ARM.ActiveCfg = Debug|Any CPU
		{972AF490-23A9-495E-9C46-791D6A2C4E25}.Debug|ARM.Build.0 = Debug|Any CPU
		{972AF490-23A9-495E-9C46-791D6A2C4E25}.Debug|ARM.Deploy.0 = Debug|Any CPU
		{972AF490-23A9-495E-9C46-791D6A2C4E25}.Debug|iPhone.ActiveCfg = Debug|Any CPU
		{972AF490-23A9-495E-9C46-791D6A2C4E25}.Debug|iPhone.Build.0 = Debug|Any CPU
		{972AF490-23A9-495E-9C46-791D6A2C4E25}.Debug|iPhone.Deploy.0 = Debug|Any CPU
		{972AF490-23A9-495E-9C46-791D6A2C4E25}.Debug|iPhoneSimulator.ActiveCfg = Debug|Any CPU
		{972AF490-23A9-495E-9C46-791D6A2C4E25}.Debug|iPhoneSimulator.Build.0 = Debug|Any CPU
		{972AF490-23A9-495E-9C46-791D6A2C4E25}.Debug|iPhoneSimulator.Deploy.0 = Debug|Any CPU
		{972AF490-23A9-495E-9C46-791D6A2C4E25}.Debug|x64.ActiveCfg = Debug|Any CPU
		{972AF490-23A9-495E-9C46-791D6A2C4E25}.Debug|x64.Build.0 = Debug|Any CPU
		{972AF490-23A9-495E-9C46-791D6A2C4E25}.Debug|x64.Deploy.0 = Debug|Any CPU
		{972AF490-23A9-495E-9C46-791D6A2C4E25}.Debug|x86.ActiveCfg = Debug|Any CPU
		{972AF490-23A9-495E-9C46-791D6A2C4E25}.Debug|x86.Build.0 = Debug|Any CPU
		{972AF490-23A9-495E-9C46-791D6A2C4E25}.Debug|x86.Deploy.0 = Debug|Any CPU
		{972AF490-23A9-495E-9C46-791D6A2C4E25}.Release|Any CPU.ActiveCfg = Release|Any CPU
		{972AF490-23A9-495E-9C46-791D6A2C4E25}.Release|Any CPU.Build.0 = Release|Any CPU
		{972AF490-23A9-495E-9C46-791D6A2C4E25}.Release|Any CPU.Deploy.0 = Release|Any CPU
		{972AF490-23A9-495E-9C46-791D6A2C4E25}.Release|ARM.ActiveCfg = Release|Any CPU
		{972AF490-23A9-495E-9C46-791D6A2C4E25}.Release|ARM.Build.0 = Release|Any CPU
		{972AF490-23A9-495E-9C46-791D6A2C4E25}.Release|ARM.Deploy.0 = Release|Any CPU
		{972AF490-23A9-495E-9C46-791D6A2C4E25}.Release|iPhone.ActiveCfg = Release|Any CPU
		{972AF490-23A9-495E-9C46-791D6A2C4E25}.Release|iPhone.Build.0 = Release|Any CPU
		{972AF490-23A9-495E-9C46-791D6A2C4E25}.Release|iPhone.Deploy.0 = Release|Any CPU
		{972AF490-23A9-495E-9C46-791D6A2C4E25}.Release|iPhoneSimulator.ActiveCfg = Release|Any CPU
		{972AF490-23A9-495E-9C46-791D6A2C4E25}.Release|iPhoneSimulator.Build.0 = Release|Any CPU
		{972AF490-23A9-495E-9C46-791D6A2C4E25}.Release|iPhoneSimulator.Deploy.0 = Release|Any CPU
		{972AF490-23A9-495E-9C46-791D6A2C4E25}.Release|x64.ActiveCfg = Release|Any CPU
		{972AF490-23A9-495E-9C46-791D6A2C4E25}.Release|x64.Build.0 = Release|Any CPU
		{972AF490-23A9-495E-9C46-791D6A2C4E25}.Release|x64.Deploy.0 = Release|Any CPU
		{972AF490-23A9-495E-9C46-791D6A2C4E25}.Release|x86.ActiveCfg = Release|Any CPU
		{972AF490-23A9-495E-9C46-791D6A2C4E25}.Release|x86.Build.0 = Release|Any CPU
		{972AF490-23A9-495E-9C46-791D6A2C4E25}.Release|x86.Deploy.0 = Release|Any CPU
		{6120A731-941E-42EF-B328-5055F0AA2EB9}.Ad-Hoc|Any CPU.ActiveCfg = Release|Any CPU
		{6120A731-941E-42EF-B328-5055F0AA2EB9}.Ad-Hoc|Any CPU.Build.0 = Release|Any CPU
		{6120A731-941E-42EF-B328-5055F0AA2EB9}.Ad-Hoc|ARM.ActiveCfg = Release|Any CPU
		{6120A731-941E-42EF-B328-5055F0AA2EB9}.Ad-Hoc|ARM.Build.0 = Release|Any CPU
		{6120A731-941E-42EF-B328-5055F0AA2EB9}.Ad-Hoc|iPhone.ActiveCfg = Release|Any CPU
		{6120A731-941E-42EF-B328-5055F0AA2EB9}.Ad-Hoc|iPhone.Build.0 = Release|Any CPU
		{6120A731-941E-42EF-B328-5055F0AA2EB9}.Ad-Hoc|iPhoneSimulator.ActiveCfg = Release|Any CPU
		{6120A731-941E-42EF-B328-5055F0AA2EB9}.Ad-Hoc|iPhoneSimulator.Build.0 = Release|Any CPU
		{6120A731-941E-42EF-B328-5055F0AA2EB9}.Ad-Hoc|x64.ActiveCfg = Release|Any CPU
		{6120A731-941E-42EF-B328-5055F0AA2EB9}.Ad-Hoc|x64.Build.0 = Release|Any CPU
		{6120A731-941E-42EF-B328-5055F0AA2EB9}.Ad-Hoc|x86.ActiveCfg = Release|Any CPU
		{6120A731-941E-42EF-B328-5055F0AA2EB9}.Ad-Hoc|x86.Build.0 = Release|Any CPU
		{6120A731-941E-42EF-B328-5055F0AA2EB9}.AppStore|Any CPU.ActiveCfg = Release|Any CPU
		{6120A731-941E-42EF-B328-5055F0AA2EB9}.AppStore|Any CPU.Build.0 = Release|Any CPU
		{6120A731-941E-42EF-B328-5055F0AA2EB9}.AppStore|ARM.ActiveCfg = Release|Any CPU
		{6120A731-941E-42EF-B328-5055F0AA2EB9}.AppStore|ARM.Build.0 = Release|Any CPU
		{6120A731-941E-42EF-B328-5055F0AA2EB9}.AppStore|iPhone.ActiveCfg = Release|Any CPU
		{6120A731-941E-42EF-B328-5055F0AA2EB9}.AppStore|iPhone.Build.0 = Release|Any CPU
		{6120A731-941E-42EF-B328-5055F0AA2EB9}.AppStore|iPhoneSimulator.ActiveCfg = Release|Any CPU
		{6120A731-941E-42EF-B328-5055F0AA2EB9}.AppStore|iPhoneSimulator.Build.0 = Release|Any CPU
		{6120A731-941E-42EF-B328-5055F0AA2EB9}.AppStore|x64.ActiveCfg = Release|Any CPU
		{6120A731-941E-42EF-B328-5055F0AA2EB9}.AppStore|x64.Build.0 = Release|Any CPU
		{6120A731-941E-42EF-B328-5055F0AA2EB9}.AppStore|x86.ActiveCfg = Release|Any CPU
		{6120A731-941E-42EF-B328-5055F0AA2EB9}.AppStore|x86.Build.0 = Release|Any CPU
		{6120A731-941E-42EF-B328-5055F0AA2EB9}.Debug|Any CPU.ActiveCfg = Debug|Any CPU
		{6120A731-941E-42EF-B328-5055F0AA2EB9}.Debug|Any CPU.Build.0 = Debug|Any CPU
		{6120A731-941E-42EF-B328-5055F0AA2EB9}.Debug|ARM.ActiveCfg = Debug|Any CPU
		{6120A731-941E-42EF-B328-5055F0AA2EB9}.Debug|ARM.Build.0 = Debug|Any CPU
		{6120A731-941E-42EF-B328-5055F0AA2EB9}.Debug|iPhone.ActiveCfg = Debug|Any CPU
		{6120A731-941E-42EF-B328-5055F0AA2EB9}.Debug|iPhone.Build.0 = Debug|Any CPU
		{6120A731-941E-42EF-B328-5055F0AA2EB9}.Debug|iPhoneSimulator.ActiveCfg = Debug|Any CPU
		{6120A731-941E-42EF-B328-5055F0AA2EB9}.Debug|iPhoneSimulator.Build.0 = Debug|Any CPU
		{6120A731-941E-42EF-B328-5055F0AA2EB9}.Debug|x64.ActiveCfg = Debug|Any CPU
		{6120A731-941E-42EF-B328-5055F0AA2EB9}.Debug|x64.Build.0 = Debug|Any CPU
		{6120A731-941E-42EF-B328-5055F0AA2EB9}.Debug|x86.ActiveCfg = Debug|Any CPU
		{6120A731-941E-42EF-B328-5055F0AA2EB9}.Debug|x86.Build.0 = Debug|Any CPU
		{6120A731-941E-42EF-B328-5055F0AA2EB9}.Release|Any CPU.ActiveCfg = Release|Any CPU
		{6120A731-941E-42EF-B328-5055F0AA2EB9}.Release|Any CPU.Build.0 = Release|Any CPU
		{6120A731-941E-42EF-B328-5055F0AA2EB9}.Release|ARM.ActiveCfg = Release|Any CPU
		{6120A731-941E-42EF-B328-5055F0AA2EB9}.Release|ARM.Build.0 = Release|Any CPU
		{6120A731-941E-42EF-B328-5055F0AA2EB9}.Release|iPhone.ActiveCfg = Release|Any CPU
		{6120A731-941E-42EF-B328-5055F0AA2EB9}.Release|iPhone.Build.0 = Release|Any CPU
		{6120A731-941E-42EF-B328-5055F0AA2EB9}.Release|iPhoneSimulator.ActiveCfg = Release|Any CPU
		{6120A731-941E-42EF-B328-5055F0AA2EB9}.Release|iPhoneSimulator.Build.0 = Release|Any CPU
		{6120A731-941E-42EF-B328-5055F0AA2EB9}.Release|x64.ActiveCfg = Release|Any CPU
		{6120A731-941E-42EF-B328-5055F0AA2EB9}.Release|x64.Build.0 = Release|Any CPU
		{6120A731-941E-42EF-B328-5055F0AA2EB9}.Release|x86.ActiveCfg = Release|Any CPU
		{6120A731-941E-42EF-B328-5055F0AA2EB9}.Release|x86.Build.0 = Release|Any CPU
		{E094C8EB-F8B1-42F3-92D7-4DD619902E00}.Ad-Hoc|Any CPU.ActiveCfg = Release|x86
		{E094C8EB-F8B1-42F3-92D7-4DD619902E00}.Ad-Hoc|Any CPU.Build.0 = Release|x86
		{E094C8EB-F8B1-42F3-92D7-4DD619902E00}.Ad-Hoc|Any CPU.Deploy.0 = Release|x86
		{E094C8EB-F8B1-42F3-92D7-4DD619902E00}.Ad-Hoc|ARM.ActiveCfg = Release|ARM
		{E094C8EB-F8B1-42F3-92D7-4DD619902E00}.Ad-Hoc|ARM.Build.0 = Release|ARM
		{E094C8EB-F8B1-42F3-92D7-4DD619902E00}.Ad-Hoc|ARM.Deploy.0 = Release|ARM
		{E094C8EB-F8B1-42F3-92D7-4DD619902E00}.Ad-Hoc|iPhone.ActiveCfg = Release|x86
		{E094C8EB-F8B1-42F3-92D7-4DD619902E00}.Ad-Hoc|iPhone.Build.0 = Release|x86
		{E094C8EB-F8B1-42F3-92D7-4DD619902E00}.Ad-Hoc|iPhone.Deploy.0 = Release|x86
		{E094C8EB-F8B1-42F3-92D7-4DD619902E00}.Ad-Hoc|iPhoneSimulator.ActiveCfg = Release|x86
		{E094C8EB-F8B1-42F3-92D7-4DD619902E00}.Ad-Hoc|iPhoneSimulator.Build.0 = Release|x86
		{E094C8EB-F8B1-42F3-92D7-4DD619902E00}.Ad-Hoc|iPhoneSimulator.Deploy.0 = Release|x86
		{E094C8EB-F8B1-42F3-92D7-4DD619902E00}.Ad-Hoc|x64.ActiveCfg = Release|x64
		{E094C8EB-F8B1-42F3-92D7-4DD619902E00}.Ad-Hoc|x64.Build.0 = Release|x64
		{E094C8EB-F8B1-42F3-92D7-4DD619902E00}.Ad-Hoc|x64.Deploy.0 = Release|x64
		{E094C8EB-F8B1-42F3-92D7-4DD619902E00}.Ad-Hoc|x86.ActiveCfg = Release|x86
		{E094C8EB-F8B1-42F3-92D7-4DD619902E00}.Ad-Hoc|x86.Build.0 = Release|x86
		{E094C8EB-F8B1-42F3-92D7-4DD619902E00}.Ad-Hoc|x86.Deploy.0 = Release|x86
		{E094C8EB-F8B1-42F3-92D7-4DD619902E00}.AppStore|Any CPU.ActiveCfg = Release|x86
		{E094C8EB-F8B1-42F3-92D7-4DD619902E00}.AppStore|Any CPU.Build.0 = Release|x86
		{E094C8EB-F8B1-42F3-92D7-4DD619902E00}.AppStore|Any CPU.Deploy.0 = Release|x86
		{E094C8EB-F8B1-42F3-92D7-4DD619902E00}.AppStore|ARM.ActiveCfg = Release|ARM
		{E094C8EB-F8B1-42F3-92D7-4DD619902E00}.AppStore|ARM.Build.0 = Release|ARM
		{E094C8EB-F8B1-42F3-92D7-4DD619902E00}.AppStore|ARM.Deploy.0 = Release|ARM
		{E094C8EB-F8B1-42F3-92D7-4DD619902E00}.AppStore|iPhone.ActiveCfg = Release|x86
		{E094C8EB-F8B1-42F3-92D7-4DD619902E00}.AppStore|iPhone.Build.0 = Release|x86
		{E094C8EB-F8B1-42F3-92D7-4DD619902E00}.AppStore|iPhone.Deploy.0 = Release|x86
		{E094C8EB-F8B1-42F3-92D7-4DD619902E00}.AppStore|iPhoneSimulator.ActiveCfg = Release|x86
		{E094C8EB-F8B1-42F3-92D7-4DD619902E00}.AppStore|iPhoneSimulator.Build.0 = Release|x86
		{E094C8EB-F8B1-42F3-92D7-4DD619902E00}.AppStore|iPhoneSimulator.Deploy.0 = Release|x86
		{E094C8EB-F8B1-42F3-92D7-4DD619902E00}.AppStore|x64.ActiveCfg = Release|x64
		{E094C8EB-F8B1-42F3-92D7-4DD619902E00}.AppStore|x64.Build.0 = Release|x64
		{E094C8EB-F8B1-42F3-92D7-4DD619902E00}.AppStore|x64.Deploy.0 = Release|x64
		{E094C8EB-F8B1-42F3-92D7-4DD619902E00}.AppStore|x86.ActiveCfg = Release|x86
		{E094C8EB-F8B1-42F3-92D7-4DD619902E00}.AppStore|x86.Build.0 = Release|x86
		{E094C8EB-F8B1-42F3-92D7-4DD619902E00}.AppStore|x86.Deploy.0 = Release|x86
		{E094C8EB-F8B1-42F3-92D7-4DD619902E00}.Debug|Any CPU.ActiveCfg = Debug|x86
		{E094C8EB-F8B1-42F3-92D7-4DD619902E00}.Debug|ARM.ActiveCfg = Debug|ARM
		{E094C8EB-F8B1-42F3-92D7-4DD619902E00}.Debug|ARM.Build.0 = Debug|ARM
		{E094C8EB-F8B1-42F3-92D7-4DD619902E00}.Debug|ARM.Deploy.0 = Debug|ARM
		{E094C8EB-F8B1-42F3-92D7-4DD619902E00}.Debug|iPhone.ActiveCfg = Debug|x86
		{E094C8EB-F8B1-42F3-92D7-4DD619902E00}.Debug|iPhoneSimulator.ActiveCfg = Debug|x86
		{E094C8EB-F8B1-42F3-92D7-4DD619902E00}.Debug|x64.ActiveCfg = Debug|x64
		{E094C8EB-F8B1-42F3-92D7-4DD619902E00}.Debug|x64.Build.0 = Debug|x64
		{E094C8EB-F8B1-42F3-92D7-4DD619902E00}.Debug|x64.Deploy.0 = Debug|x64
		{E094C8EB-F8B1-42F3-92D7-4DD619902E00}.Debug|x86.ActiveCfg = Debug|x86
		{E094C8EB-F8B1-42F3-92D7-4DD619902E00}.Debug|x86.Build.0 = Debug|x86
		{E094C8EB-F8B1-42F3-92D7-4DD619902E00}.Debug|x86.Deploy.0 = Debug|x86
		{E094C8EB-F8B1-42F3-92D7-4DD619902E00}.Release|Any CPU.ActiveCfg = Release|x86
		{E094C8EB-F8B1-42F3-92D7-4DD619902E00}.Release|ARM.ActiveCfg = Release|ARM
		{E094C8EB-F8B1-42F3-92D7-4DD619902E00}.Release|ARM.Build.0 = Release|ARM
		{E094C8EB-F8B1-42F3-92D7-4DD619902E00}.Release|ARM.Deploy.0 = Release|ARM
		{E094C8EB-F8B1-42F3-92D7-4DD619902E00}.Release|iPhone.ActiveCfg = Release|x86
		{E094C8EB-F8B1-42F3-92D7-4DD619902E00}.Release|iPhoneSimulator.ActiveCfg = Release|x86
		{E094C8EB-F8B1-42F3-92D7-4DD619902E00}.Release|x64.ActiveCfg = Release|x64
		{E094C8EB-F8B1-42F3-92D7-4DD619902E00}.Release|x64.Build.0 = Release|x64
		{E094C8EB-F8B1-42F3-92D7-4DD619902E00}.Release|x64.Deploy.0 = Release|x64
		{E094C8EB-F8B1-42F3-92D7-4DD619902E00}.Release|x86.ActiveCfg = Release|x86
		{E094C8EB-F8B1-42F3-92D7-4DD619902E00}.Release|x86.Build.0 = Release|x86
		{E094C8EB-F8B1-42F3-92D7-4DD619902E00}.Release|x86.Deploy.0 = Release|x86
		{A0A71606-E7FC-4D5A-92DE-A9EE95DCC3F1}.Ad-Hoc|Any CPU.ActiveCfg = Ad-Hoc|iPhone
		{A0A71606-E7FC-4D5A-92DE-A9EE95DCC3F1}.Ad-Hoc|ARM.ActiveCfg = Ad-Hoc|iPhone
		{A0A71606-E7FC-4D5A-92DE-A9EE95DCC3F1}.Ad-Hoc|iPhone.ActiveCfg = Ad-Hoc|iPhone
		{A0A71606-E7FC-4D5A-92DE-A9EE95DCC3F1}.Ad-Hoc|iPhone.Build.0 = Ad-Hoc|iPhone
		{A0A71606-E7FC-4D5A-92DE-A9EE95DCC3F1}.Ad-Hoc|iPhoneSimulator.ActiveCfg = Ad-Hoc|iPhoneSimulator
		{A0A71606-E7FC-4D5A-92DE-A9EE95DCC3F1}.Ad-Hoc|iPhoneSimulator.Build.0 = Ad-Hoc|iPhoneSimulator
		{A0A71606-E7FC-4D5A-92DE-A9EE95DCC3F1}.Ad-Hoc|x64.ActiveCfg = Ad-Hoc|iPhone
		{A0A71606-E7FC-4D5A-92DE-A9EE95DCC3F1}.Ad-Hoc|x86.ActiveCfg = Ad-Hoc|iPhone
		{A0A71606-E7FC-4D5A-92DE-A9EE95DCC3F1}.AppStore|Any CPU.ActiveCfg = AppStore|iPhone
		{A0A71606-E7FC-4D5A-92DE-A9EE95DCC3F1}.AppStore|ARM.ActiveCfg = AppStore|iPhone
		{A0A71606-E7FC-4D5A-92DE-A9EE95DCC3F1}.AppStore|iPhone.ActiveCfg = AppStore|iPhone
		{A0A71606-E7FC-4D5A-92DE-A9EE95DCC3F1}.AppStore|iPhone.Build.0 = AppStore|iPhone
		{A0A71606-E7FC-4D5A-92DE-A9EE95DCC3F1}.AppStore|iPhoneSimulator.ActiveCfg = AppStore|iPhoneSimulator
		{A0A71606-E7FC-4D5A-92DE-A9EE95DCC3F1}.AppStore|iPhoneSimulator.Build.0 = AppStore|iPhoneSimulator
		{A0A71606-E7FC-4D5A-92DE-A9EE95DCC3F1}.AppStore|x64.ActiveCfg = AppStore|iPhone
		{A0A71606-E7FC-4D5A-92DE-A9EE95DCC3F1}.AppStore|x86.ActiveCfg = AppStore|iPhone
		{A0A71606-E7FC-4D5A-92DE-A9EE95DCC3F1}.Debug|Any CPU.ActiveCfg = Debug|iPhone
		{A0A71606-E7FC-4D5A-92DE-A9EE95DCC3F1}.Debug|ARM.ActiveCfg = Debug|iPhone
		{A0A71606-E7FC-4D5A-92DE-A9EE95DCC3F1}.Debug|iPhone.ActiveCfg = Debug|iPhone
		{A0A71606-E7FC-4D5A-92DE-A9EE95DCC3F1}.Debug|iPhone.Build.0 = Debug|iPhone
		{A0A71606-E7FC-4D5A-92DE-A9EE95DCC3F1}.Debug|iPhoneSimulator.ActiveCfg = Debug|iPhoneSimulator
		{A0A71606-E7FC-4D5A-92DE-A9EE95DCC3F1}.Debug|iPhoneSimulator.Build.0 = Debug|iPhoneSimulator
		{A0A71606-E7FC-4D5A-92DE-A9EE95DCC3F1}.Debug|x64.ActiveCfg = Debug|iPhone
		{A0A71606-E7FC-4D5A-92DE-A9EE95DCC3F1}.Debug|x86.ActiveCfg = Debug|iPhone
		{A0A71606-E7FC-4D5A-92DE-A9EE95DCC3F1}.Release|Any CPU.ActiveCfg = Release|iPhone
		{A0A71606-E7FC-4D5A-92DE-A9EE95DCC3F1}.Release|ARM.ActiveCfg = Release|iPhone
		{A0A71606-E7FC-4D5A-92DE-A9EE95DCC3F1}.Release|iPhone.ActiveCfg = Release|iPhone
		{A0A71606-E7FC-4D5A-92DE-A9EE95DCC3F1}.Release|iPhone.Build.0 = Release|iPhone
		{A0A71606-E7FC-4D5A-92DE-A9EE95DCC3F1}.Release|iPhoneSimulator.ActiveCfg = Release|iPhoneSimulator
		{A0A71606-E7FC-4D5A-92DE-A9EE95DCC3F1}.Release|iPhoneSimulator.Build.0 = Release|iPhoneSimulator
		{A0A71606-E7FC-4D5A-92DE-A9EE95DCC3F1}.Release|x64.ActiveCfg = Release|iPhone
		{A0A71606-E7FC-4D5A-92DE-A9EE95DCC3F1}.Release|x86.ActiveCfg = Release|iPhone
		{6B87E047-9AE9-4925-8360-4011E601B934}.Ad-Hoc|Any CPU.ActiveCfg = Release|Any CPU
		{6B87E047-9AE9-4925-8360-4011E601B934}.Ad-Hoc|Any CPU.Build.0 = Release|Any CPU
		{6B87E047-9AE9-4925-8360-4011E601B934}.Ad-Hoc|ARM.ActiveCfg = Release|Any CPU
		{6B87E047-9AE9-4925-8360-4011E601B934}.Ad-Hoc|ARM.Build.0 = Release|Any CPU
		{6B87E047-9AE9-4925-8360-4011E601B934}.Ad-Hoc|iPhone.ActiveCfg = Release|Any CPU
		{6B87E047-9AE9-4925-8360-4011E601B934}.Ad-Hoc|iPhone.Build.0 = Release|Any CPU
		{6B87E047-9AE9-4925-8360-4011E601B934}.Ad-Hoc|iPhoneSimulator.ActiveCfg = Release|Any CPU
		{6B87E047-9AE9-4925-8360-4011E601B934}.Ad-Hoc|iPhoneSimulator.Build.0 = Release|Any CPU
		{6B87E047-9AE9-4925-8360-4011E601B934}.Ad-Hoc|x64.ActiveCfg = Release|Any CPU
		{6B87E047-9AE9-4925-8360-4011E601B934}.Ad-Hoc|x64.Build.0 = Release|Any CPU
		{6B87E047-9AE9-4925-8360-4011E601B934}.Ad-Hoc|x86.ActiveCfg = Release|Any CPU
		{6B87E047-9AE9-4925-8360-4011E601B934}.Ad-Hoc|x86.Build.0 = Release|Any CPU
		{6B87E047-9AE9-4925-8360-4011E601B934}.AppStore|Any CPU.ActiveCfg = Release|Any CPU
		{6B87E047-9AE9-4925-8360-4011E601B934}.AppStore|Any CPU.Build.0 = Release|Any CPU
		{6B87E047-9AE9-4925-8360-4011E601B934}.AppStore|ARM.ActiveCfg = Release|Any CPU
		{6B87E047-9AE9-4925-8360-4011E601B934}.AppStore|ARM.Build.0 = Release|Any CPU
		{6B87E047-9AE9-4925-8360-4011E601B934}.AppStore|iPhone.ActiveCfg = Release|Any CPU
		{6B87E047-9AE9-4925-8360-4011E601B934}.AppStore|iPhone.Build.0 = Release|Any CPU
		{6B87E047-9AE9-4925-8360-4011E601B934}.AppStore|iPhoneSimulator.ActiveCfg = Release|Any CPU
		{6B87E047-9AE9-4925-8360-4011E601B934}.AppStore|iPhoneSimulator.Build.0 = Release|Any CPU
		{6B87E047-9AE9-4925-8360-4011E601B934}.AppStore|x64.ActiveCfg = Release|Any CPU
		{6B87E047-9AE9-4925-8360-4011E601B934}.AppStore|x64.Build.0 = Release|Any CPU
		{6B87E047-9AE9-4925-8360-4011E601B934}.AppStore|x86.ActiveCfg = Release|Any CPU
		{6B87E047-9AE9-4925-8360-4011E601B934}.AppStore|x86.Build.0 = Release|Any CPU
		{6B87E047-9AE9-4925-8360-4011E601B934}.Debug|Any CPU.ActiveCfg = Debug|Any CPU
		{6B87E047-9AE9-4925-8360-4011E601B934}.Debug|Any CPU.Build.0 = Debug|Any CPU
		{6B87E047-9AE9-4925-8360-4011E601B934}.Debug|ARM.ActiveCfg = Debug|Any CPU
		{6B87E047-9AE9-4925-8360-4011E601B934}.Debug|ARM.Build.0 = Debug|Any CPU
		{6B87E047-9AE9-4925-8360-4011E601B934}.Debug|iPhone.ActiveCfg = Debug|Any CPU
		{6B87E047-9AE9-4925-8360-4011E601B934}.Debug|iPhone.Build.0 = Debug|Any CPU
		{6B87E047-9AE9-4925-8360-4011E601B934}.Debug|iPhoneSimulator.ActiveCfg = Debug|Any CPU
		{6B87E047-9AE9-4925-8360-4011E601B934}.Debug|iPhoneSimulator.Build.0 = Debug|Any CPU
		{6B87E047-9AE9-4925-8360-4011E601B934}.Debug|x64.ActiveCfg = Debug|Any CPU
		{6B87E047-9AE9-4925-8360-4011E601B934}.Debug|x64.Build.0 = Debug|Any CPU
		{6B87E047-9AE9-4925-8360-4011E601B934}.Debug|x86.ActiveCfg = Debug|Any CPU
		{6B87E047-9AE9-4925-8360-4011E601B934}.Debug|x86.Build.0 = Debug|Any CPU
		{6B87E047-9AE9-4925-8360-4011E601B934}.Release|Any CPU.ActiveCfg = Release|Any CPU
		{6B87E047-9AE9-4925-8360-4011E601B934}.Release|Any CPU.Build.0 = Release|Any CPU
		{6B87E047-9AE9-4925-8360-4011E601B934}.Release|ARM.ActiveCfg = Release|Any CPU
		{6B87E047-9AE9-4925-8360-4011E601B934}.Release|ARM.Build.0 = Release|Any CPU
		{6B87E047-9AE9-4925-8360-4011E601B934}.Release|iPhone.ActiveCfg = Release|Any CPU
		{6B87E047-9AE9-4925-8360-4011E601B934}.Release|iPhone.Build.0 = Release|Any CPU
		{6B87E047-9AE9-4925-8360-4011E601B934}.Release|iPhoneSimulator.ActiveCfg = Release|Any CPU
		{6B87E047-9AE9-4925-8360-4011E601B934}.Release|iPhoneSimulator.Build.0 = Release|Any CPU
		{6B87E047-9AE9-4925-8360-4011E601B934}.Release|x64.ActiveCfg = Release|Any CPU
		{6B87E047-9AE9-4925-8360-4011E601B934}.Release|x64.Build.0 = Release|Any CPU
		{6B87E047-9AE9-4925-8360-4011E601B934}.Release|x86.ActiveCfg = Release|Any CPU
		{6B87E047-9AE9-4925-8360-4011E601B934}.Release|x86.Build.0 = Release|Any CPU
	EndGlobalSection
	GlobalSection(SolutionProperties) = preSolution
		HideSolutionNode = FALSE
	EndGlobalSection
EndGlobal
