
Microsoft Visual Studio Solution File, Format Version 12.00
# Visual Studio 15
VisualStudioVersion = 15.0.26430.6
MinimumVisualStudioVersion = 10.0.40219.1
Project("{FAE04EC0-301F-11D3-BF4B-00C04F79EFBC}") = "LivrosQueJaLi.Android", "LivrosQueJaLi\LivrosQueJaLi.Android\LivrosQueJaLi.Android.csproj", "{DBE42534-16A3-46B7-9180-57FB7136194C}"
EndProject
Project("{FAE04EC0-301F-11D3-BF4B-00C04F79EFBC}") = "LivrosQueJaLi", "LivrosQueJaLi\LivrosQueJaLi\LivrosQueJaLi.csproj", "{E7170A2E-B754-4B1D-B5B3-6DDFD2E2FEB8}"
EndProject
Project("{FAE04EC0-301F-11D3-BF4B-00C04F79EFBC}") = "LivrosQueJaLi.UWP", "LivrosQueJaLi\LivrosQueJaLi.UWP\LivrosQueJaLi.UWP.csproj", "{3746BF75-813E-4609-B19B-4FBC9A766554}"
EndProject
Project("{FAE04EC0-301F-11D3-BF4B-00C04F79EFBC}") = "TesteLivrosQueJaLi", "TesteLivrosQueJaLi\TesteLivrosQueJaLi.csproj", "{F02BD6FD-643F-419F-8F26-7AB0C9E8508D}"
EndProject
Global
	GlobalSection(SolutionConfigurationPlatforms) = preSolution
		Ad-Hoc|Any CPU = Ad-Hoc|Any CPU
		Ad-Hoc|ARM = Ad-Hoc|ARM
		Ad-Hoc|iPhone = Ad-Hoc|iPhone
		Ad-Hoc|iPhoneSimulator = Ad-Hoc|iPhoneSimulator
		Ad-Hoc|x64 = Ad-Hoc|x64
		Ad-Hoc|x86 = Ad-Hoc|x86
		AppStore|Any CPU = AppStore|Any CPU
		AppStore|ARM = AppStore|ARM
		AppStore|iPhone = AppStore|iPhone
		AppStore|iPhoneSimulator = AppStore|iPhoneSimulator
		AppStore|x64 = AppStore|x64
		AppStore|x86 = AppStore|x86
		Debug|Any CPU = Debug|Any CPU
		Debug|ARM = Debug|ARM
		Debug|iPhone = Debug|iPhone
		Debug|iPhoneSimulator = Debug|iPhoneSimulator
		Debug|x64 = Debug|x64
		Debug|x86 = Debug|x86
		Release|Any CPU = Release|Any CPU
		Release|ARM = Release|ARM
		Release|iPhone = Release|iPhone
		Release|iPhoneSimulator = Release|iPhoneSimulator
		Release|x64 = Release|x64
		Release|x86 = Release|x86
	EndGlobalSection
	GlobalSection(ProjectConfigurationPlatforms) = postSolution
		{DBE42534-16A3-46B7-9180-57FB7136194C}.Ad-Hoc|Any CPU.ActiveCfg = Release|Any CPU
		{DBE42534-16A3-46B7-9180-57FB7136194C}.Ad-Hoc|Any CPU.Build.0 = Release|Any CPU
		{DBE42534-16A3-46B7-9180-57FB7136194C}.Ad-Hoc|Any CPU.Deploy.0 = Release|Any CPU
		{DBE42534-16A3-46B7-9180-57FB7136194C}.Ad-Hoc|ARM.ActiveCfg = Release|Any CPU
		{DBE42534-16A3-46B7-9180-57FB7136194C}.Ad-Hoc|ARM.Build.0 = Release|Any CPU
		{DBE42534-16A3-46B7-9180-57FB7136194C}.Ad-Hoc|ARM.Deploy.0 = Release|Any CPU
		{DBE42534-16A3-46B7-9180-57FB7136194C}.Ad-Hoc|iPhone.ActiveCfg = Release|Any CPU
		{DBE42534-16A3-46B7-9180-57FB7136194C}.Ad-Hoc|iPhone.Build.0 = Release|Any CPU
		{DBE42534-16A3-46B7-9180-57FB7136194C}.Ad-Hoc|iPhone.Deploy.0 = Release|Any CPU
		{DBE42534-16A3-46B7-9180-57FB7136194C}.Ad-Hoc|iPhoneSimulator.ActiveCfg = Release|Any CPU
		{DBE42534-16A3-46B7-9180-57FB7136194C}.Ad-Hoc|iPhoneSimulator.Build.0 = Release|Any CPU
		{DBE42534-16A3-46B7-9180-57FB7136194C}.Ad-Hoc|iPhoneSimulator.Deploy.0 = Release|Any CPU
		{DBE42534-16A3-46B7-9180-57FB7136194C}.Ad-Hoc|x64.ActiveCfg = Release|Any CPU
		{DBE42534-16A3-46B7-9180-57FB7136194C}.Ad-Hoc|x64.Build.0 = Release|Any CPU
		{DBE42534-16A3-46B7-9180-57FB7136194C}.Ad-Hoc|x64.Deploy.0 = Release|Any CPU
		{DBE42534-16A3-46B7-9180-57FB7136194C}.Ad-Hoc|x86.ActiveCfg = Release|Any CPU
		{DBE42534-16A3-46B7-9180-57FB7136194C}.Ad-Hoc|x86.Build.0 = Release|Any CPU
		{DBE42534-16A3-46B7-9180-57FB7136194C}.Ad-Hoc|x86.Deploy.0 = Release|Any CPU
		{DBE42534-16A3-46B7-9180-57FB7136194C}.AppStore|Any CPU.ActiveCfg = Release|Any CPU
		{DBE42534-16A3-46B7-9180-57FB7136194C}.AppStore|Any CPU.Build.0 = Release|Any CPU
		{DBE42534-16A3-46B7-9180-57FB7136194C}.AppStore|Any CPU.Deploy.0 = Release|Any CPU
		{DBE42534-16A3-46B7-9180-57FB7136194C}.AppStore|ARM.ActiveCfg = Release|Any CPU
		{DBE42534-16A3-46B7-9180-57FB7136194C}.AppStore|ARM.Build.0 = Release|Any CPU
		{DBE42534-16A3-46B7-9180-57FB7136194C}.AppStore|ARM.Deploy.0 = Release|Any CPU
		{DBE42534-16A3-46B7-9180-57FB7136194C}.AppStore|iPhone.ActiveCfg = Release|Any CPU
		{DBE42534-16A3-46B7-9180-57FB7136194C}.AppStore|iPhone.Build.0 = Release|Any CPU
		{DBE42534-16A3-46B7-9180-57FB7136194C}.AppStore|iPhone.Deploy.0 = Release|Any CPU
		{DBE42534-16A3-46B7-9180-57FB7136194C}.AppStore|iPhoneSimulator.ActiveCfg = Release|Any CPU
		{DBE42534-16A3-46B7-9180-57FB7136194C}.AppStore|iPhoneSimulator.Build.0 = Release|Any CPU
		{DBE42534-16A3-46B7-9180-57FB7136194C}.AppStore|iPhoneSimulator.Deploy.0 = Release|Any CPU
		{DBE42534-16A3-46B7-9180-57FB7136194C}.AppStore|x64.ActiveCfg = Release|Any CPU
		{DBE42534-16A3-46B7-9180-57FB7136194C}.AppStore|x64.Build.0 = Release|Any CPU
		{DBE42534-16A3-46B7-9180-57FB7136194C}.AppStore|x64.Deploy.0 = Release|Any CPU
		{DBE42534-16A3-46B7-9180-57FB7136194C}.AppStore|x86.ActiveCfg = Release|Any CPU
		{DBE42534-16A3-46B7-9180-57FB7136194C}.AppStore|x86.Build.0 = Release|Any CPU
		{DBE42534-16A3-46B7-9180-57FB7136194C}.AppStore|x86.Deploy.0 = Release|Any CPU
		{DBE42534-16A3-46B7-9180-57FB7136194C}.Debug|Any CPU.ActiveCfg = Debug|Any CPU
		{DBE42534-16A3-46B7-9180-57FB7136194C}.Debug|Any CPU.Build.0 = Debug|Any CPU
		{DBE42534-16A3-46B7-9180-57FB7136194C}.Debug|Any CPU.Deploy.0 = Debug|Any CPU
		{DBE42534-16A3-46B7-9180-57FB7136194C}.Debug|ARM.ActiveCfg = Debug|Any CPU
		{DBE42534-16A3-46B7-9180-57FB7136194C}.Debug|ARM.Build.0 = Debug|Any CPU
		{DBE42534-16A3-46B7-9180-57FB7136194C}.Debug|ARM.Deploy.0 = Debug|Any CPU
		{DBE42534-16A3-46B7-9180-57FB7136194C}.Debug|iPhone.ActiveCfg = Debug|Any CPU
		{DBE42534-16A3-46B7-9180-57FB7136194C}.Debug|iPhone.Build.0 = Debug|Any CPU
		{DBE42534-16A3-46B7-9180-57FB7136194C}.Debug|iPhone.Deploy.0 = Debug|Any CPU
		{DBE42534-16A3-46B7-9180-57FB7136194C}.Debug|iPhoneSimulator.ActiveCfg = Debug|Any CPU
		{DBE42534-16A3-46B7-9180-57FB7136194C}.Debug|iPhoneSimulator.Build.0 = Debug|Any CPU
		{DBE42534-16A3-46B7-9180-57FB7136194C}.Debug|iPhoneSimulator.Deploy.0 = Debug|Any CPU
		{DBE42534-16A3-46B7-9180-57FB7136194C}.Debug|x64.ActiveCfg = Debug|Any CPU
		{DBE42534-16A3-46B7-9180-57FB7136194C}.Debug|x64.Build.0 = Debug|Any CPU
		{DBE42534-16A3-46B7-9180-57FB7136194C}.Debug|x64.Deploy.0 = Debug|Any CPU
		{DBE42534-16A3-46B7-9180-57FB7136194C}.Debug|x86.ActiveCfg = Debug|Any CPU
		{DBE42534-16A3-46B7-9180-57FB7136194C}.Debug|x86.Build.0 = Debug|Any CPU
		{DBE42534-16A3-46B7-9180-57FB7136194C}.Debug|x86.Deploy.0 = Debug|Any CPU
		{DBE42534-16A3-46B7-9180-57FB7136194C}.Release|Any CPU.ActiveCfg = Release|Any CPU
		{DBE42534-16A3-46B7-9180-57FB7136194C}.Release|Any CPU.Build.0 = Release|Any CPU
		{DBE42534-16A3-46B7-9180-57FB7136194C}.Release|Any CPU.Deploy.0 = Release|Any CPU
		{DBE42534-16A3-46B7-9180-57FB7136194C}.Release|ARM.ActiveCfg = Release|Any CPU
		{DBE42534-16A3-46B7-9180-57FB7136194C}.Release|ARM.Build.0 = Release|Any CPU
		{DBE42534-16A3-46B7-9180-57FB7136194C}.Release|ARM.Deploy.0 = Release|Any CPU
		{DBE42534-16A3-46B7-9180-57FB7136194C}.Release|iPhone.ActiveCfg = Release|Any CPU
		{DBE42534-16A3-46B7-9180-57FB7136194C}.Release|iPhone.Build.0 = Release|Any CPU
		{DBE42534-16A3-46B7-9180-57FB7136194C}.Release|iPhone.Deploy.0 = Release|Any CPU
		{DBE42534-16A3-46B7-9180-57FB7136194C}.Release|iPhoneSimulator.ActiveCfg = Release|Any CPU
		{DBE42534-16A3-46B7-9180-57FB7136194C}.Release|iPhoneSimulator.Build.0 = Release|Any CPU
		{DBE42534-16A3-46B7-9180-57FB7136194C}.Release|iPhoneSimulator.Deploy.0 = Release|Any CPU
		{DBE42534-16A3-46B7-9180-57FB7136194C}.Release|x64.ActiveCfg = Release|Any CPU
		{DBE42534-16A3-46B7-9180-57FB7136194C}.Release|x64.Build.0 = Release|Any CPU
		{DBE42534-16A3-46B7-9180-57FB7136194C}.Release|x64.Deploy.0 = Release|Any CPU
		{DBE42534-16A3-46B7-9180-57FB7136194C}.Release|x86.ActiveCfg = Release|Any CPU
		{DBE42534-16A3-46B7-9180-57FB7136194C}.Release|x86.Build.0 = Release|Any CPU
		{DBE42534-16A3-46B7-9180-57FB7136194C}.Release|x86.Deploy.0 = Release|Any CPU
		{E7170A2E-B754-4B1D-B5B3-6DDFD2E2FEB8}.Ad-Hoc|Any CPU.ActiveCfg = Release|Any CPU
		{E7170A2E-B754-4B1D-B5B3-6DDFD2E2FEB8}.Ad-Hoc|Any CPU.Build.0 = Release|Any CPU
		{E7170A2E-B754-4B1D-B5B3-6DDFD2E2FEB8}.Ad-Hoc|ARM.ActiveCfg = Release|Any CPU
		{E7170A2E-B754-4B1D-B5B3-6DDFD2E2FEB8}.Ad-Hoc|ARM.Build.0 = Release|Any CPU
		{E7170A2E-B754-4B1D-B5B3-6DDFD2E2FEB8}.Ad-Hoc|iPhone.ActiveCfg = Release|Any CPU
		{E7170A2E-B754-4B1D-B5B3-6DDFD2E2FEB8}.Ad-Hoc|iPhone.Build.0 = Release|Any CPU
		{E7170A2E-B754-4B1D-B5B3-6DDFD2E2FEB8}.Ad-Hoc|iPhoneSimulator.ActiveCfg = Release|Any CPU
		{E7170A2E-B754-4B1D-B5B3-6DDFD2E2FEB8}.Ad-Hoc|iPhoneSimulator.Build.0 = Release|Any CPU
		{E7170A2E-B754-4B1D-B5B3-6DDFD2E2FEB8}.Ad-Hoc|x64.ActiveCfg = Release|Any CPU
		{E7170A2E-B754-4B1D-B5B3-6DDFD2E2FEB8}.Ad-Hoc|x64.Build.0 = Release|Any CPU
		{E7170A2E-B754-4B1D-B5B3-6DDFD2E2FEB8}.Ad-Hoc|x86.ActiveCfg = Release|Any CPU
		{E7170A2E-B754-4B1D-B5B3-6DDFD2E2FEB8}.Ad-Hoc|x86.Build.0 = Release|Any CPU
		{E7170A2E-B754-4B1D-B5B3-6DDFD2E2FEB8}.AppStore|Any CPU.ActiveCfg = Release|Any CPU
		{E7170A2E-B754-4B1D-B5B3-6DDFD2E2FEB8}.AppStore|Any CPU.Build.0 = Release|Any CPU
		{E7170A2E-B754-4B1D-B5B3-6DDFD2E2FEB8}.AppStore|ARM.ActiveCfg = Release|Any CPU
		{E7170A2E-B754-4B1D-B5B3-6DDFD2E2FEB8}.AppStore|ARM.Build.0 = Release|Any CPU
		{E7170A2E-B754-4B1D-B5B3-6DDFD2E2FEB8}.AppStore|iPhone.ActiveCfg = Release|Any CPU
		{E7170A2E-B754-4B1D-B5B3-6DDFD2E2FEB8}.AppStore|iPhone.Build.0 = Release|Any CPU
		{E7170A2E-B754-4B1D-B5B3-6DDFD2E2FEB8}.AppStore|iPhoneSimulator.ActiveCfg = Release|Any CPU
		{E7170A2E-B754-4B1D-B5B3-6DDFD2E2FEB8}.AppStore|iPhoneSimulator.Build.0 = Release|Any CPU
		{E7170A2E-B754-4B1D-B5B3-6DDFD2E2FEB8}.AppStore|x64.ActiveCfg = Release|Any CPU
		{E7170A2E-B754-4B1D-B5B3-6DDFD2E2FEB8}.AppStore|x64.Build.0 = Release|Any CPU
		{E7170A2E-B754-4B1D-B5B3-6DDFD2E2FEB8}.AppStore|x86.ActiveCfg = Release|Any CPU
		{E7170A2E-B754-4B1D-B5B3-6DDFD2E2FEB8}.AppStore|x86.Build.0 = Release|Any CPU
		{E7170A2E-B754-4B1D-B5B3-6DDFD2E2FEB8}.Debug|Any CPU.ActiveCfg = Debug|Any CPU
		{E7170A2E-B754-4B1D-B5B3-6DDFD2E2FEB8}.Debug|Any CPU.Build.0 = Debug|Any CPU
		{E7170A2E-B754-4B1D-B5B3-6DDFD2E2FEB8}.Debug|ARM.ActiveCfg = Debug|Any CPU
		{E7170A2E-B754-4B1D-B5B3-6DDFD2E2FEB8}.Debug|ARM.Build.0 = Debug|Any CPU
		{E7170A2E-B754-4B1D-B5B3-6DDFD2E2FEB8}.Debug|iPhone.ActiveCfg = Debug|Any CPU
		{E7170A2E-B754-4B1D-B5B3-6DDFD2E2FEB8}.Debug|iPhone.Build.0 = Debug|Any CPU
		{E7170A2E-B754-4B1D-B5B3-6DDFD2E2FEB8}.Debug|iPhoneSimulator.ActiveCfg = Debug|Any CPU
		{E7170A2E-B754-4B1D-B5B3-6DDFD2E2FEB8}.Debug|iPhoneSimulator.Build.0 = Debug|Any CPU
		{E7170A2E-B754-4B1D-B5B3-6DDFD2E2FEB8}.Debug|x64.ActiveCfg = Debug|Any CPU
		{E7170A2E-B754-4B1D-B5B3-6DDFD2E2FEB8}.Debug|x64.Build.0 = Debug|Any CPU
		{E7170A2E-B754-4B1D-B5B3-6DDFD2E2FEB8}.Debug|x86.ActiveCfg = Debug|Any CPU
		{E7170A2E-B754-4B1D-B5B3-6DDFD2E2FEB8}.Debug|x86.Build.0 = Debug|Any CPU
		{E7170A2E-B754-4B1D-B5B3-6DDFD2E2FEB8}.Release|Any CPU.ActiveCfg = Release|Any CPU
		{E7170A2E-B754-4B1D-B5B3-6DDFD2E2FEB8}.Release|Any CPU.Build.0 = Release|Any CPU
		{E7170A2E-B754-4B1D-B5B3-6DDFD2E2FEB8}.Release|ARM.ActiveCfg = Release|Any CPU
		{E7170A2E-B754-4B1D-B5B3-6DDFD2E2FEB8}.Release|ARM.Build.0 = Release|Any CPU
		{E7170A2E-B754-4B1D-B5B3-6DDFD2E2FEB8}.Release|iPhone.ActiveCfg = Release|Any CPU
		{E7170A2E-B754-4B1D-B5B3-6DDFD2E2FEB8}.Release|iPhone.Build.0 = Release|Any CPU
		{E7170A2E-B754-4B1D-B5B3-6DDFD2E2FEB8}.Release|iPhoneSimulator.ActiveCfg = Release|Any CPU
		{E7170A2E-B754-4B1D-B5B3-6DDFD2E2FEB8}.Release|iPhoneSimulator.Build.0 = Release|Any CPU
		{E7170A2E-B754-4B1D-B5B3-6DDFD2E2FEB8}.Release|x64.ActiveCfg = Release|Any CPU
		{E7170A2E-B754-4B1D-B5B3-6DDFD2E2FEB8}.Release|x64.Build.0 = Release|Any CPU
		{E7170A2E-B754-4B1D-B5B3-6DDFD2E2FEB8}.Release|x86.ActiveCfg = Release|Any CPU
		{E7170A2E-B754-4B1D-B5B3-6DDFD2E2FEB8}.Release|x86.Build.0 = Release|Any CPU
		{3746BF75-813E-4609-B19B-4FBC9A766554}.Ad-Hoc|Any CPU.ActiveCfg = Release|x86
		{3746BF75-813E-4609-B19B-4FBC9A766554}.Ad-Hoc|Any CPU.Build.0 = Release|x86
		{3746BF75-813E-4609-B19B-4FBC9A766554}.Ad-Hoc|Any CPU.Deploy.0 = Release|x86
		{3746BF75-813E-4609-B19B-4FBC9A766554}.Ad-Hoc|ARM.ActiveCfg = Release|ARM
		{3746BF75-813E-4609-B19B-4FBC9A766554}.Ad-Hoc|ARM.Build.0 = Release|ARM
		{3746BF75-813E-4609-B19B-4FBC9A766554}.Ad-Hoc|ARM.Deploy.0 = Release|ARM
		{3746BF75-813E-4609-B19B-4FBC9A766554}.Ad-Hoc|iPhone.ActiveCfg = Release|x86
		{3746BF75-813E-4609-B19B-4FBC9A766554}.Ad-Hoc|iPhone.Build.0 = Release|x86
		{3746BF75-813E-4609-B19B-4FBC9A766554}.Ad-Hoc|iPhone.Deploy.0 = Release|x86
		{3746BF75-813E-4609-B19B-4FBC9A766554}.Ad-Hoc|iPhoneSimulator.ActiveCfg = Release|x86
		{3746BF75-813E-4609-B19B-4FBC9A766554}.Ad-Hoc|iPhoneSimulator.Build.0 = Release|x86
		{3746BF75-813E-4609-B19B-4FBC9A766554}.Ad-Hoc|iPhoneSimulator.Deploy.0 = Release|x86
		{3746BF75-813E-4609-B19B-4FBC9A766554}.Ad-Hoc|x64.ActiveCfg = Release|x64
		{3746BF75-813E-4609-B19B-4FBC9A766554}.Ad-Hoc|x64.Build.0 = Release|x64
		{3746BF75-813E-4609-B19B-4FBC9A766554}.Ad-Hoc|x64.Deploy.0 = Release|x64
		{3746BF75-813E-4609-B19B-4FBC9A766554}.Ad-Hoc|x86.ActiveCfg = Release|x86
		{3746BF75-813E-4609-B19B-4FBC9A766554}.Ad-Hoc|x86.Build.0 = Release|x86
		{3746BF75-813E-4609-B19B-4FBC9A766554}.Ad-Hoc|x86.Deploy.0 = Release|x86
		{3746BF75-813E-4609-B19B-4FBC9A766554}.AppStore|Any CPU.ActiveCfg = Release|x86
		{3746BF75-813E-4609-B19B-4FBC9A766554}.AppStore|Any CPU.Build.0 = Release|x86
		{3746BF75-813E-4609-B19B-4FBC9A766554}.AppStore|Any CPU.Deploy.0 = Release|x86
		{3746BF75-813E-4609-B19B-4FBC9A766554}.AppStore|ARM.ActiveCfg = Release|ARM
		{3746BF75-813E-4609-B19B-4FBC9A766554}.AppStore|ARM.Build.0 = Release|ARM
		{3746BF75-813E-4609-B19B-4FBC9A766554}.AppStore|ARM.Deploy.0 = Release|ARM
		{3746BF75-813E-4609-B19B-4FBC9A766554}.AppStore|iPhone.ActiveCfg = Release|x86
		{3746BF75-813E-4609-B19B-4FBC9A766554}.AppStore|iPhone.Build.0 = Release|x86
		{3746BF75-813E-4609-B19B-4FBC9A766554}.AppStore|iPhone.Deploy.0 = Release|x86
		{3746BF75-813E-4609-B19B-4FBC9A766554}.AppStore|iPhoneSimulator.ActiveCfg = Release|x86
		{3746BF75-813E-4609-B19B-4FBC9A766554}.AppStore|iPhoneSimulator.Build.0 = Release|x86
		{3746BF75-813E-4609-B19B-4FBC9A766554}.AppStore|iPhoneSimulator.Deploy.0 = Release|x86
		{3746BF75-813E-4609-B19B-4FBC9A766554}.AppStore|x64.ActiveCfg = Release|x64
		{3746BF75-813E-4609-B19B-4FBC9A766554}.AppStore|x64.Build.0 = Release|x64
		{3746BF75-813E-4609-B19B-4FBC9A766554}.AppStore|x64.Deploy.0 = Release|x64
		{3746BF75-813E-4609-B19B-4FBC9A766554}.AppStore|x86.ActiveCfg = Release|x86
		{3746BF75-813E-4609-B19B-4FBC9A766554}.AppStore|x86.Build.0 = Release|x86
		{3746BF75-813E-4609-B19B-4FBC9A766554}.AppStore|x86.Deploy.0 = Release|x86
		{3746BF75-813E-4609-B19B-4FBC9A766554}.Debug|Any CPU.ActiveCfg = Debug|x86
		{3746BF75-813E-4609-B19B-4FBC9A766554}.Debug|ARM.ActiveCfg = Debug|ARM
		{3746BF75-813E-4609-B19B-4FBC9A766554}.Debug|ARM.Build.0 = Debug|ARM
		{3746BF75-813E-4609-B19B-4FBC9A766554}.Debug|ARM.Deploy.0 = Debug|ARM
		{3746BF75-813E-4609-B19B-4FBC9A766554}.Debug|iPhone.ActiveCfg = Debug|x86
		{3746BF75-813E-4609-B19B-4FBC9A766554}.Debug|iPhoneSimulator.ActiveCfg = Debug|x86
		{3746BF75-813E-4609-B19B-4FBC9A766554}.Debug|x64.ActiveCfg = Debug|x64
		{3746BF75-813E-4609-B19B-4FBC9A766554}.Debug|x64.Build.0 = Debug|x64
		{3746BF75-813E-4609-B19B-4FBC9A766554}.Debug|x64.Deploy.0 = Debug|x64
		{3746BF75-813E-4609-B19B-4FBC9A766554}.Debug|x86.ActiveCfg = Debug|x86
		{3746BF75-813E-4609-B19B-4FBC9A766554}.Debug|x86.Build.0 = Debug|x86
		{3746BF75-813E-4609-B19B-4FBC9A766554}.Debug|x86.Deploy.0 = Debug|x86
		{3746BF75-813E-4609-B19B-4FBC9A766554}.Release|Any CPU.ActiveCfg = Release|x86
		{3746BF75-813E-4609-B19B-4FBC9A766554}.Release|ARM.ActiveCfg = Release|ARM
		{3746BF75-813E-4609-B19B-4FBC9A766554}.Release|ARM.Build.0 = Release|ARM
		{3746BF75-813E-4609-B19B-4FBC9A766554}.Release|ARM.Deploy.0 = Release|ARM
		{3746BF75-813E-4609-B19B-4FBC9A766554}.Release|iPhone.ActiveCfg = Release|x86
		{3746BF75-813E-4609-B19B-4FBC9A766554}.Release|iPhoneSimulator.ActiveCfg = Release|x86
		{3746BF75-813E-4609-B19B-4FBC9A766554}.Release|x64.ActiveCfg = Release|x64
		{3746BF75-813E-4609-B19B-4FBC9A766554}.Release|x64.Build.0 = Release|x64
		{3746BF75-813E-4609-B19B-4FBC9A766554}.Release|x64.Deploy.0 = Release|x64
		{3746BF75-813E-4609-B19B-4FBC9A766554}.Release|x86.ActiveCfg = Release|x86
		{3746BF75-813E-4609-B19B-4FBC9A766554}.Release|x86.Build.0 = Release|x86
		{3746BF75-813E-4609-B19B-4FBC9A766554}.Release|x86.Deploy.0 = Release|x86
		{F02BD6FD-643F-419F-8F26-7AB0C9E8508D}.Ad-Hoc|Any CPU.ActiveCfg = Release|Any CPU
		{F02BD6FD-643F-419F-8F26-7AB0C9E8508D}.Ad-Hoc|Any CPU.Build.0 = Release|Any CPU
		{F02BD6FD-643F-419F-8F26-7AB0C9E8508D}.Ad-Hoc|ARM.ActiveCfg = Release|Any CPU
		{F02BD6FD-643F-419F-8F26-7AB0C9E8508D}.Ad-Hoc|ARM.Build.0 = Release|Any CPU
		{F02BD6FD-643F-419F-8F26-7AB0C9E8508D}.Ad-Hoc|iPhone.ActiveCfg = Release|Any CPU
		{F02BD6FD-643F-419F-8F26-7AB0C9E8508D}.Ad-Hoc|iPhone.Build.0 = Release|Any CPU
		{F02BD6FD-643F-419F-8F26-7AB0C9E8508D}.Ad-Hoc|iPhoneSimulator.ActiveCfg = Release|Any CPU
		{F02BD6FD-643F-419F-8F26-7AB0C9E8508D}.Ad-Hoc|iPhoneSimulator.Build.0 = Release|Any CPU
		{F02BD6FD-643F-419F-8F26-7AB0C9E8508D}.Ad-Hoc|x64.ActiveCfg = Release|Any CPU
		{F02BD6FD-643F-419F-8F26-7AB0C9E8508D}.Ad-Hoc|x64.Build.0 = Release|Any CPU
		{F02BD6FD-643F-419F-8F26-7AB0C9E8508D}.Ad-Hoc|x86.ActiveCfg = Release|Any CPU
		{F02BD6FD-643F-419F-8F26-7AB0C9E8508D}.Ad-Hoc|x86.Build.0 = Release|Any CPU
		{F02BD6FD-643F-419F-8F26-7AB0C9E8508D}.AppStore|Any CPU.ActiveCfg = Release|Any CPU
		{F02BD6FD-643F-419F-8F26-7AB0C9E8508D}.AppStore|Any CPU.Build.0 = Release|Any CPU
		{F02BD6FD-643F-419F-8F26-7AB0C9E8508D}.AppStore|ARM.ActiveCfg = Release|Any CPU
		{F02BD6FD-643F-419F-8F26-7AB0C9E8508D}.AppStore|ARM.Build.0 = Release|Any CPU
		{F02BD6FD-643F-419F-8F26-7AB0C9E8508D}.AppStore|iPhone.ActiveCfg = Release|Any CPU
		{F02BD6FD-643F-419F-8F26-7AB0C9E8508D}.AppStore|iPhone.Build.0 = Release|Any CPU
		{F02BD6FD-643F-419F-8F26-7AB0C9E8508D}.AppStore|iPhoneSimulator.ActiveCfg = Release|Any CPU
		{F02BD6FD-643F-419F-8F26-7AB0C9E8508D}.AppStore|iPhoneSimulator.Build.0 = Release|Any CPU
		{F02BD6FD-643F-419F-8F26-7AB0C9E8508D}.AppStore|x64.ActiveCfg = Release|Any CPU
		{F02BD6FD-643F-419F-8F26-7AB0C9E8508D}.AppStore|x64.Build.0 = Release|Any CPU
		{F02BD6FD-643F-419F-8F26-7AB0C9E8508D}.AppStore|x86.ActiveCfg = Release|Any CPU
		{F02BD6FD-643F-419F-8F26-7AB0C9E8508D}.AppStore|x86.Build.0 = Release|Any CPU
		{F02BD6FD-643F-419F-8F26-7AB0C9E8508D}.Debug|Any CPU.ActiveCfg = Debug|Any CPU
		{F02BD6FD-643F-419F-8F26-7AB0C9E8508D}.Debug|Any CPU.Build.0 = Debug|Any CPU
		{F02BD6FD-643F-419F-8F26-7AB0C9E8508D}.Debug|ARM.ActiveCfg = Debug|Any CPU
		{F02BD6FD-643F-419F-8F26-7AB0C9E8508D}.Debug|ARM.Build.0 = Debug|Any CPU
		{F02BD6FD-643F-419F-8F26-7AB0C9E8508D}.Debug|iPhone.ActiveCfg = Debug|Any CPU
		{F02BD6FD-643F-419F-8F26-7AB0C9E8508D}.Debug|iPhone.Build.0 = Debug|Any CPU
		{F02BD6FD-643F-419F-8F26-7AB0C9E8508D}.Debug|iPhoneSimulator.ActiveCfg = Debug|Any CPU
		{F02BD6FD-643F-419F-8F26-7AB0C9E8508D}.Debug|iPhoneSimulator.Build.0 = Debug|Any CPU
		{F02BD6FD-643F-419F-8F26-7AB0C9E8508D}.Debug|x64.ActiveCfg = Debug|Any CPU
		{F02BD6FD-643F-419F-8F26-7AB0C9E8508D}.Debug|x64.Build.0 = Debug|Any CPU
		{F02BD6FD-643F-419F-8F26-7AB0C9E8508D}.Debug|x86.ActiveCfg = Debug|Any CPU
		{F02BD6FD-643F-419F-8F26-7AB0C9E8508D}.Debug|x86.Build.0 = Debug|Any CPU
		{F02BD6FD-643F-419F-8F26-7AB0C9E8508D}.Release|Any CPU.ActiveCfg = Release|Any CPU
		{F02BD6FD-643F-419F-8F26-7AB0C9E8508D}.Release|Any CPU.Build.0 = Release|Any CPU
		{F02BD6FD-643F-419F-8F26-7AB0C9E8508D}.Release|ARM.ActiveCfg = Release|Any CPU
		{F02BD6FD-643F-419F-8F26-7AB0C9E8508D}.Release|ARM.Build.0 = Release|Any CPU
		{F02BD6FD-643F-419F-8F26-7AB0C9E8508D}.Release|iPhone.ActiveCfg = Release|Any CPU
		{F02BD6FD-643F-419F-8F26-7AB0C9E8508D}.Release|iPhone.Build.0 = Release|Any CPU
		{F02BD6FD-643F-419F-8F26-7AB0C9E8508D}.Release|iPhoneSimulator.ActiveCfg = Release|Any CPU
		{F02BD6FD-643F-419F-8F26-7AB0C9E8508D}.Release|iPhoneSimulator.Build.0 = Release|Any CPU
		{F02BD6FD-643F-419F-8F26-7AB0C9E8508D}.Release|x64.ActiveCfg = Release|Any CPU
		{F02BD6FD-643F-419F-8F26-7AB0C9E8508D}.Release|x64.Build.0 = Release|Any CPU
		{F02BD6FD-643F-419F-8F26-7AB0C9E8508D}.Release|x86.ActiveCfg = Release|Any CPU
		{F02BD6FD-643F-419F-8F26-7AB0C9E8508D}.Release|x86.Build.0 = Release|Any CPU
	EndGlobalSection
	GlobalSection(SolutionProperties) = preSolution
		HideSolutionNode = FALSE
	EndGlobalSection
EndGlobal
